
Microsoft Visual Studio Solution File, Format Version 12.00
# Visual Studio 15
VisualStudioVersion = 15.0.28010.2016
MinimumVisualStudioVersion = 10.0.40219.1
Project("{8BC9CEB8-8B4A-11D0-8D11-00A0C91BC942}") = "PROTO_GAME", "PROTO_GAME\PROTO_GAME.vcxproj", "{DDCBD774-485D-4DE0-8C75-8F0FE6A21B66}"
EndProject
Global
	GlobalSection(SolutionConfigurationPlatforms) = preSolution
		Debug|x64 = Debug|x64
		Debug|x86 = Debug|x86
		Release|x64 = Release|x64
		Release|x86 = Release|x86
	EndGlobalSection
	GlobalSection(ProjectConfigurationPlatforms) = postSolution
		{DDCBD774-485D-4DE0-8C75-8F0FE6A21B66}.Debug|x64.ActiveCfg = Debug|x64
		{DDCBD774-485D-4DE0-8C75-8F0FE6A21B66}.Debug|x64.Build.0 = Debug|x64
		{DDCBD774-485D-4DE0-8C75-8F0FE6A21B66}.Debug|x86.ActiveCfg = Debug|Win32
		{DDCBD774-485D-4DE0-8C75-8F0FE6A21B66}.Debug|x86.Build.0 = Debug|Win32
		{DDCBD774-485D-4DE0-8C75-8F0FE6A21B66}.Release|x64.ActiveCfg = Release|x64
		{DDCBD774-485D-4DE0-8C75-8F0FE6A21B66}.Release|x64.Build.0 = Release|x64
		{DDCBD774-485D-4DE0-8C75-8F0FE6A21B66}.Release|x86.ActiveCfg = Release|Win32
		{DDCBD774-485D-4DE0-8C75-8F0FE6A21B66}.Release|x86.Build.0 = Release|Win32
	EndGlobalSection
	GlobalSection(SolutionProperties) = preSolution
		HideSolutionNode = FALSE
	EndGlobalSection
	GlobalSection(ExtensibilityGlobals) = postSolution
		SolutionGuid = {B661AF5F-9E03-479B-A137-83ABF6C351CA}
	EndGlobalSection
EndGlobal
