<?xml version="1.0" encoding="utf-8"?>
<Project ToolsVersion="4.0" xmlns="http://schemas.microsoft.com/developer/msbuild/2003">
  <ItemGroup>
    <Filter Include="Исходные файлы">
      <UniqueIdentifier>{4FC737F1-C7A5-4376-A066-2A32D752A2FF}</UniqueIdentifier>
      <Extensions>cpp;c;cc;cxx;def;odl;idl;hpj;bat;asm;asmx</Extensions>
    </Filter>
    <Filter Include="Файлы заголовков">
      <UniqueIdentifier>{93995380-89BD-4b04-88EB-625FBE52EBFB}</UniqueIdentifier>
      <Extensions>h;hh;hpp;hxx;hm;inl;inc;ipp;xsd</Extensions>
    </Filter>
    <Filter Include="Файлы ресурсов">
      <UniqueIdentifier>{67DA6AB6-F800-4c08-8B7A-83BB121AAD01}</UniqueIdentifier>
      <Extensions>rc;ico;cur;bmp;dlg;rc2;rct;bin;rgs;gif;jpg;jpeg;jpe;resx;tiff;tif;png;wav;mfcribbon-ms</Extensions>
    </Filter>
    <Filter Include="Файлы ресурсов\Render">
      <UniqueIdentifier>{59bae544-b0fa-40c4-8cbc-b1dce2175502}</UniqueIdentifier>
    </Filter>
    <Filter Include="Файлы ресурсов\Game">
      <UniqueIdentifier>{e58f2304-f38a-459f-8285-32a4a8fff248}</UniqueIdentifier>
    </Filter>
    <Filter Include="Файлы ресурсов\Storage">
      <UniqueIdentifier>{ed02dba8-be3d-47de-a098-cd96da5368a0}</UniqueIdentifier>
    </Filter>
  </ItemGroup>
  <ItemGroup>
    <ClCompile Include="PROTO_GAME.cpp">
      <Filter>Исходные файлы</Filter>
    </ClCompile>
    <ClCompile Include="Render\Render.cpp">
      <Filter>Файлы ресурсов\Render</Filter>
    </ClCompile>
    <ClCompile Include="Render\DisplayObject.cpp">
      <Filter>Файлы ресурсов\Render</Filter>
    </ClCompile>
    <ClCompile Include="Game\Tile.cpp">
      <Filter>Файлы ресурсов\Game</Filter>
    </ClCompile>
    <ClCompile Include="Game\GameBase.cpp">
      <Filter>Файлы ресурсов\Game</Filter>
    </ClCompile>
    <ClCompile Include="Storage\TextureStorage.cpp">
      <Filter>Файлы ресурсов\Storage</Filter>
    </ClCompile>
    <ClCompile Include="Game\Tower.cpp">
      <Filter>Файлы ресурсов\Game</Filter>
    </ClCompile>
    <ClCompile Include="Game\Enemy.cpp">
      <Filter>Файлы ресурсов\Game</Filter>
    </ClCompile>
    <ClCompile Include="Game\Field.cpp">
      <Filter>Файлы ресурсов\Game</Filter>
    </ClCompile>
    <ClCompile Include="Game\ArmyState.cpp">
      <Filter>Файлы ресурсов\Game</Filter>
    </ClCompile>
    <ClCompile Include="Game\Bastion.cpp">
      <Filter>Файлы ресурсов\Game</Filter>
    </ClCompile>
    <ClCompile Include="Game\BattleStrategy.cpp">
      <Filter>Файлы ресурсов\Game</Filter>
    </ClCompile>
    <ClCompile Include="Game\TowerBall.cpp">
      <Filter>Файлы ресурсов\Game</Filter>
    </ClCompile>
    <ClCompile Include="Game\BattleObject.cpp">
      <Filter>Файлы ресурсов\Game</Filter>
    </ClCompile>
    <ClCompile Include="Game\HPBar.cpp">
      <Filter>Файлы ресурсов\Game</Filter>
    </ClCompile>
  </ItemGroup>
  <ItemGroup>
    <ClInclude Include="Render\Render.h">
      <Filter>Файлы ресурсов\Render</Filter>
    </ClInclude>
    <ClInclude Include="Render\DisplayObject.h">
      <Filter>Файлы ресурсов\Render</Filter>
    </ClInclude>
    <ClInclude Include="Render\Vec2.h">
      <Filter>Файлы ресурсов\Render</Filter>
    </ClInclude>
    <ClInclude Include="Game\Tile.h">
      <Filter>Файлы ресурсов\Game</Filter>
    </ClInclude>
    <ClInclude Include="Game\GameBase.h">
      <Filter>Файлы ресурсов\Game</Filter>
    </ClInclude>
    <ClInclude Include="Storage\TextureStorage.h">
      <Filter>Файлы ресурсов\Storage</Filter>
    </ClInclude>
    <ClInclude Include="Game\Tower.h">
      <Filter>Файлы ресурсов\Game</Filter>
    </ClInclude>
    <ClInclude Include="Game\HpChecker.h">
      <Filter>Файлы ресурсов\Game</Filter>
    </ClInclude>
    <ClInclude Include="Game\Enemy.h">
      <Filter>Файлы ресурсов\Game</Filter>
    </ClInclude>
    <ClInclude Include="Game\Field.h">
      <Filter>Файлы ресурсов\Game</Filter>
    </ClInclude>
    <ClInclude Include="Game\ArmyState.h">
      <Filter>Файлы ресурсов\Game</Filter>
    </ClInclude>
    <ClInclude Include="Game\BattleStrategy.h">
      <Filter>Файлы ресурсов\Game</Filter>
    </ClInclude>
    <ClInclude Include="Game\Bastion.h">
      <Filter>Файлы ресурсов\Game</Filter>
    </ClInclude>
    <ClInclude Include="Game\TowerBall.h">
      <Filter>Файлы ресурсов\Game</Filter>
    </ClInclude>
    <ClInclude Include="Game\BattleObject.h">
      <Filter>Файлы ресурсов\Game</Filter>
    </ClInclude>
    <ClInclude Include="Game\GameInterfaces.h">
      <Filter>Файлы ресурсов\Game</Filter>
    </ClInclude>
    <ClInclude Include="Game\HPBar.h">
      <Filter>Файлы ресурсов\Game</Filter>
    </ClInclude>
  </ItemGroup>
</Project>